
Microsoft Visual Studio Solution File, Format Version 12.00
# Visual Studio 15
VisualStudioVersion = 15.0.27703.2047
MinimumVisualStudioVersion = 10.0.40219.1
Project("{9A19103F-16F7-4668-BE54-9A1E7A4F7556}") = "PutridParrot.Utilities", "PutridParrot.Utilities\PutridParrot.Utilities.csproj", "{E0A92201-ABA5-4BB6-B7CA-0413928A8C26}"
EndProject
Project("{FAE04EC0-301F-11D3-BF4B-00C04F79EFBC}") = "Tests.PutridParrot.Utilities", "Tests.PutridParrot.Utilities\Tests.PutridParrot.Utilities.csproj", "{82BC9226-BD98-4BFE-81E1-E13C6434945C}"
EndProject
Global
	GlobalSection(SolutionConfigurationPlatforms) = preSolution
		Debug|Any CPU = Debug|Any CPU
		Release|Any CPU = Release|Any CPU
	EndGlobalSection
	GlobalSection(ProjectConfigurationPlatforms) = postSolution
		{E0A92201-ABA5-4BB6-B7CA-0413928A8C26}.Debug|Any CPU.ActiveCfg = Debug|Any CPU
		{E0A92201-ABA5-4BB6-B7CA-0413928A8C26}.Debug|Any CPU.Build.0 = Debug|Any CPU
		{E0A92201-ABA5-4BB6-B7CA-0413928A8C26}.Release|Any CPU.ActiveCfg = Release|Any CPU
		{E0A92201-ABA5-4BB6-B7CA-0413928A8C26}.Release|Any CPU.Build.0 = Release|Any CPU
		{82BC9226-BD98-4BFE-81E1-E13C6434945C}.Debug|Any CPU.ActiveCfg = Debug|Any CPU
		{82BC9226-BD98-4BFE-81E1-E13C6434945C}.Debug|Any CPU.Build.0 = Debug|Any CPU
		{82BC9226-BD98-4BFE-81E1-E13C6434945C}.Release|Any CPU.ActiveCfg = Release|Any CPU
		{82BC9226-BD98-4BFE-81E1-E13C6434945C}.Release|Any CPU.Build.0 = Release|Any CPU
		{34B34B8E-0265-4FFE-A3B6-F103053974A1}.Debug|Any CPU.ActiveCfg = Debug|Any CPU
		{34B34B8E-0265-4FFE-A3B6-F103053974A1}.Debug|Any CPU.Build.0 = Debug|Any CPU
		{34B34B8E-0265-4FFE-A3B6-F103053974A1}.Release|Any CPU.ActiveCfg = Release|Any CPU
		{34B34B8E-0265-4FFE-A3B6-F103053974A1}.Release|Any CPU.Build.0 = Release|Any CPU
	EndGlobalSection
	GlobalSection(SolutionProperties) = preSolution
		HideSolutionNode = FALSE
	EndGlobalSection
	GlobalSection(ExtensibilityGlobals) = postSolution
		SolutionGuid = {026A60B3-C595-4618-A073-B13A926052C2}
	EndGlobalSection
EndGlobal
